
Microsoft Visual Studio Solution File, Format Version 12.00
# Visual Studio Version 16
VisualStudioVersion = 16.0.30225.117
MinimumVisualStudioVersion = 10.0.40219.1
Project("{FAE04EC0-301F-11D3-BF4B-00C04F79EFBC}") = "InyeccionDeDependencias", "InyeccionDeDependencias\InyeccionDeDependencias.csproj", "{F5C0BACF-C641-4BFE-91A0-2945D122AC64}"
EndProject
Global
	GlobalSection(SolutionConfigurationPlatforms) = preSolution
		Debug|Any CPU = Debug|Any CPU
		Release|Any CPU = Release|Any CPU
	EndGlobalSection
	GlobalSection(ProjectConfigurationPlatforms) = postSolution
		{F5C0BACF-C641-4BFE-91A0-2945D122AC64}.Debug|Any CPU.ActiveCfg = Debug|Any CPU
		{F5C0BACF-C641-4BFE-91A0-2945D122AC64}.Debug|Any CPU.Build.0 = Debug|Any CPU
		{F5C0BACF-C641-4BFE-91A0-2945D122AC64}.Release|Any CPU.ActiveCfg = Release|Any CPU
		{F5C0BACF-C641-4BFE-91A0-2945D122AC64}.Release|Any CPU.Build.0 = Release|Any CPU
	EndGlobalSection
	GlobalSection(SolutionProperties) = preSolution
		HideSolutionNode = FALSE
	EndGlobalSection
	GlobalSection(ExtensibilityGlobals) = postSolution
		SolutionGuid = {93F26835-F483-4C73-82AE-9EEFA7C5AD12}
	EndGlobalSection
EndGlobal
